
Microsoft Visual Studio Solution File, Format Version 12.00
# Visual Studio Version 17
VisualStudioVersion = 17.5.002.0
MinimumVisualStudioVersion = 10.0.40219.1
Project("{9A19103F-16F7-4668-BE54-9A1E7A4F7556}") = "GradeCalculator", "GradeCalculator\GradeCalculator.csproj", "{225A1267-71CF-4CF2-A62C-6373E9A59065}"
EndProject
Global
	GlobalSection(SolutionConfigurationPlatforms) = preSolution
		Debug|Any CPU = Debug|Any CPU
		Release|Any CPU = Release|Any CPU
	EndGlobalSection
	GlobalSection(ProjectConfigurationPlatforms) = postSolution
		{225A1267-71CF-4CF2-A62C-6373E9A59065}.Debug|Any CPU.ActiveCfg = Debug|Any CPU
		{225A1267-71CF-4CF2-A62C-6373E9A59065}.Debug|Any CPU.Build.0 = Debug|Any CPU
		{225A1267-71CF-4CF2-A62C-6373E9A59065}.Release|Any CPU.ActiveCfg = Release|Any CPU
		{225A1267-71CF-4CF2-A62C-6373E9A59065}.Release|Any CPU.Build.0 = Release|Any CPU
	EndGlobalSection
	GlobalSection(SolutionProperties) = preSolution
		HideSolutionNode = FALSE
	EndGlobalSection
	GlobalSection(ExtensibilityGlobals) = postSolution
		SolutionGuid = {F9919B40-44B3-40AC-A6E4-CF74A08550ED}
	EndGlobalSection
EndGlobal
